
Microsoft Visual Studio Solution File, Format Version 12.00
# Visual Studio Version 16
VisualStudioVersion = 16.0.31624.102
MinimumVisualStudioVersion = 10.0.40219.1
Project("{8BC9CEB8-8B4A-11D0-8D11-00A0C91BC942}") = "01_basic", "01_basic\01_basic.vcxproj", "{7FFD211B-037F-43C4-81E5-10B921F644C1}"
EndProject
Project("{8BC9CEB8-8B4A-11D0-8D11-00A0C91BC942}") = "02_OOP", "02_OOP\02_OOP.vcxproj", "{2A07EDBF-8E36-432D-B6FA-C6E8ADDBB20F}"
EndProject
Project("{8BC9CEB8-8B4A-11D0-8D11-00A0C91BC942}") = "03_Operator_Overloading", "03_Operator_Overloading\03_Operator_Overloading.vcxproj", "{5FABB899-7211-4F65-B1CB-2351388612C4}"
EndProject
Project("{8BC9CEB8-8B4A-11D0-8D11-00A0C91BC942}") = "04_Object_Relationship", "04_Object_Relationship\04_Object_Relationship.vcxproj", "{BB4E9B1D-79F4-4547-9F1E-991AF555490A}"
EndProject
Project("{8BC9CEB8-8B4A-11D0-8D11-00A0C91BC942}") = "05_Inheritance", "05_Inheritance\05_Inheritance.vcxproj", "{161C9100-2EC3-4D5D-9DAA-A15386635D40}"
EndProject
Project("{8BC9CEB8-8B4A-11D0-8D11-00A0C91BC942}") = "06_STL", "06_STL\06_STL.vcxproj", "{BA3C6951-5430-41A0-AFC5-C3D4D4CCF75E}"
EndProject
Global
	GlobalSection(SolutionConfigurationPlatforms) = preSolution
		Debug|x64 = Debug|x64
		Debug|x86 = Debug|x86
		Release|x64 = Release|x64
		Release|x86 = Release|x86
	EndGlobalSection
	GlobalSection(ProjectConfigurationPlatforms) = postSolution
		{7FFD211B-037F-43C4-81E5-10B921F644C1}.Debug|x64.ActiveCfg = Debug|x64
		{7FFD211B-037F-43C4-81E5-10B921F644C1}.Debug|x64.Build.0 = Debug|x64
		{7FFD211B-037F-43C4-81E5-10B921F644C1}.Debug|x86.ActiveCfg = Debug|Win32
		{7FFD211B-037F-43C4-81E5-10B921F644C1}.Debug|x86.Build.0 = Debug|Win32
		{7FFD211B-037F-43C4-81E5-10B921F644C1}.Release|x64.ActiveCfg = Release|x64
		{7FFD211B-037F-43C4-81E5-10B921F644C1}.Release|x64.Build.0 = Release|x64
		{7FFD211B-037F-43C4-81E5-10B921F644C1}.Release|x86.ActiveCfg = Release|Win32
		{7FFD211B-037F-43C4-81E5-10B921F644C1}.Release|x86.Build.0 = Release|Win32
		{2A07EDBF-8E36-432D-B6FA-C6E8ADDBB20F}.Debug|x64.ActiveCfg = Debug|x64
		{2A07EDBF-8E36-432D-B6FA-C6E8ADDBB20F}.Debug|x64.Build.0 = Debug|x64
		{2A07EDBF-8E36-432D-B6FA-C6E8ADDBB20F}.Debug|x86.ActiveCfg = Debug|Win32
		{2A07EDBF-8E36-432D-B6FA-C6E8ADDBB20F}.Debug|x86.Build.0 = Debug|Win32
		{2A07EDBF-8E36-432D-B6FA-C6E8ADDBB20F}.Release|x64.ActiveCfg = Release|x64
		{2A07EDBF-8E36-432D-B6FA-C6E8ADDBB20F}.Release|x64.Build.0 = Release|x64
		{2A07EDBF-8E36-432D-B6FA-C6E8ADDBB20F}.Release|x86.ActiveCfg = Release|Win32
		{2A07EDBF-8E36-432D-B6FA-C6E8ADDBB20F}.Release|x86.Build.0 = Release|Win32
		{5FABB899-7211-4F65-B1CB-2351388612C4}.Debug|x64.ActiveCfg = Debug|x64
		{5FABB899-7211-4F65-B1CB-2351388612C4}.Debug|x64.Build.0 = Debug|x64
		{5FABB899-7211-4F65-B1CB-2351388612C4}.Debug|x86.ActiveCfg = Debug|Win32
		{5FABB899-7211-4F65-B1CB-2351388612C4}.Debug|x86.Build.0 = Debug|Win32
		{5FABB899-7211-4F65-B1CB-2351388612C4}.Release|x64.ActiveCfg = Release|x64
		{5FABB899-7211-4F65-B1CB-2351388612C4}.Release|x64.Build.0 = Release|x64
		{5FABB899-7211-4F65-B1CB-2351388612C4}.Release|x86.ActiveCfg = Release|Win32
		{5FABB899-7211-4F65-B1CB-2351388612C4}.Release|x86.Build.0 = Release|Win32
		{BB4E9B1D-79F4-4547-9F1E-991AF555490A}.Debug|x64.ActiveCfg = Debug|x64
		{BB4E9B1D-79F4-4547-9F1E-991AF555490A}.Debug|x64.Build.0 = Debug|x64
		{BB4E9B1D-79F4-4547-9F1E-991AF555490A}.Debug|x86.ActiveCfg = Debug|Win32
		{BB4E9B1D-79F4-4547-9F1E-991AF555490A}.Debug|x86.Build.0 = Debug|Win32
		{BB4E9B1D-79F4-4547-9F1E-991AF555490A}.Release|x64.ActiveCfg = Release|x64
		{BB4E9B1D-79F4-4547-9F1E-991AF555490A}.Release|x64.Build.0 = Release|x64
		{BB4E9B1D-79F4-4547-9F1E-991AF555490A}.Release|x86.ActiveCfg = Release|Win32
		{BB4E9B1D-79F4-4547-9F1E-991AF555490A}.Release|x86.Build.0 = Release|Win32
		{161C9100-2EC3-4D5D-9DAA-A15386635D40}.Debug|x64.ActiveCfg = Debug|x64
		{161C9100-2EC3-4D5D-9DAA-A15386635D40}.Debug|x64.Build.0 = Debug|x64
		{161C9100-2EC3-4D5D-9DAA-A15386635D40}.Debug|x86.ActiveCfg = Debug|Win32
		{161C9100-2EC3-4D5D-9DAA-A15386635D40}.Debug|x86.Build.0 = Debug|Win32
		{161C9100-2EC3-4D5D-9DAA-A15386635D40}.Release|x64.ActiveCfg = Release|x64
		{161C9100-2EC3-4D5D-9DAA-A15386635D40}.Release|x64.Build.0 = Release|x64
		{161C9100-2EC3-4D5D-9DAA-A15386635D40}.Release|x86.ActiveCfg = Release|Win32
		{161C9100-2EC3-4D5D-9DAA-A15386635D40}.Release|x86.Build.0 = Release|Win32
		{BA3C6951-5430-41A0-AFC5-C3D4D4CCF75E}.Debug|x64.ActiveCfg = Debug|x64
		{BA3C6951-5430-41A0-AFC5-C3D4D4CCF75E}.Debug|x64.Build.0 = Debug|x64
		{BA3C6951-5430-41A0-AFC5-C3D4D4CCF75E}.Debug|x86.ActiveCfg = Debug|Win32
		{BA3C6951-5430-41A0-AFC5-C3D4D4CCF75E}.Debug|x86.Build.0 = Debug|Win32
		{BA3C6951-5430-41A0-AFC5-C3D4D4CCF75E}.Release|x64.ActiveCfg = Release|x64
		{BA3C6951-5430-41A0-AFC5-C3D4D4CCF75E}.Release|x64.Build.0 = Release|x64
		{BA3C6951-5430-41A0-AFC5-C3D4D4CCF75E}.Release|x86.ActiveCfg = Release|Win32
		{BA3C6951-5430-41A0-AFC5-C3D4D4CCF75E}.Release|x86.Build.0 = Release|Win32
	EndGlobalSection
	GlobalSection(SolutionProperties) = preSolution
		HideSolutionNode = FALSE
	EndGlobalSection
	GlobalSection(ExtensibilityGlobals) = postSolution
		SolutionGuid = {A9A4586B-3153-48A8-B0BC-E861418EF326}
	EndGlobalSection
EndGlobal
