
Microsoft Visual Studio Solution File, Format Version 12.00
# Visual Studio Version 16
VisualStudioVersion = 16.0.33328.57
MinimumVisualStudioVersion = 10.0.40219.1
Project("{8BC9CEB8-8B4A-11D0-8D11-00A0C91BC942}") = "0614_WindowAPI", "0614_WindowAPI\0614_WindowAPI.vcxproj", "{F62ED519-2316-4E04-8B2C-FD066CC9BF25}"
EndProject
Global
	GlobalSection(SolutionConfigurationPlatforms) = preSolution
		Debug|x64 = Debug|x64
		Debug|x86 = Debug|x86
		Release|x64 = Release|x64
		Release|x86 = Release|x86
	EndGlobalSection
	GlobalSection(ProjectConfigurationPlatforms) = postSolution
		{F62ED519-2316-4E04-8B2C-FD066CC9BF25}.Debug|x64.ActiveCfg = Debug|x64
		{F62ED519-2316-4E04-8B2C-FD066CC9BF25}.Debug|x64.Build.0 = Debug|x64
		{F62ED519-2316-4E04-8B2C-FD066CC9BF25}.Debug|x86.ActiveCfg = Debug|Win32
		{F62ED519-2316-4E04-8B2C-FD066CC9BF25}.Debug|x86.Build.0 = Debug|Win32
		{F62ED519-2316-4E04-8B2C-FD066CC9BF25}.Release|x64.ActiveCfg = Release|x64
		{F62ED519-2316-4E04-8B2C-FD066CC9BF25}.Release|x64.Build.0 = Release|x64
		{F62ED519-2316-4E04-8B2C-FD066CC9BF25}.Release|x86.ActiveCfg = Release|Win32
		{F62ED519-2316-4E04-8B2C-FD066CC9BF25}.Release|x86.Build.0 = Release|Win32
	EndGlobalSection
	GlobalSection(SolutionProperties) = preSolution
		HideSolutionNode = FALSE
	EndGlobalSection
	GlobalSection(ExtensibilityGlobals) = postSolution
		SolutionGuid = {94308E39-46A4-460A-B114-4B9A15B31CAC}
	EndGlobalSection
EndGlobal
